
Microsoft Visual Studio Solution File, Format Version 12.00
# Visual Studio 15
VisualStudioVersion = 15.0.27703.2047
MinimumVisualStudioVersion = 10.0.40219.1
Project("{FAE04EC0-301F-11D3-BF4B-00C04F79EFBC}") = "ElevatorEmulator", "WindowsFormsApp1\ElevatorEmulator.csproj", "{75D0E1AA-76E9-4599-88CF-943CE057FF41}"
EndProject
Global
	GlobalSection(SolutionConfigurationPlatforms) = preSolution
		Debug|Any CPU = Debug|Any CPU
		Release|Any CPU = Release|Any CPU
	EndGlobalSection
	GlobalSection(ProjectConfigurationPlatforms) = postSolution
		{75D0E1AA-76E9-4599-88CF-943CE057FF41}.Debug|Any CPU.ActiveCfg = Debug|Any CPU
		{75D0E1AA-76E9-4599-88CF-943CE057FF41}.Debug|Any CPU.Build.0 = Debug|Any CPU
		{75D0E1AA-76E9-4599-88CF-943CE057FF41}.Release|Any CPU.ActiveCfg = Release|Any CPU
		{75D0E1AA-76E9-4599-88CF-943CE057FF41}.Release|Any CPU.Build.0 = Release|Any CPU
	EndGlobalSection
	GlobalSection(SolutionProperties) = preSolution
		HideSolutionNode = FALSE
	EndGlobalSection
	GlobalSection(ExtensibilityGlobals) = postSolution
		SolutionGuid = {C1982635-50FC-4436-95FB-6BD1D3612BE9}
	EndGlobalSection
EndGlobal
